<?xml version="1.0" encoding="utf-8"?>
<Project ToolsVersion="4.0" xmlns="http://schemas.microsoft.com/developer/msbuild/2003">
  <ItemGroup>
    <Filter Include="Source Files">
      <UniqueIdentifier>{4FC737F1-C7A5-4376-A066-2A32D752A2FF}</UniqueIdentifier>
      <Extensions>cpp;c;cc;cxx;def;odl;idl;hpj;bat;asm;asmx</Extensions>
    </Filter>
    <Filter Include="Header Files">
      <UniqueIdentifier>{93995380-89BD-4b04-88EB-625FBE52EBFB}</UniqueIdentifier>
      <Extensions>h;hpp;hxx;hm;inl;inc;xsd</Extensions>
    </Filter>
    <Filter Include="Resource Files">
      <UniqueIdentifier>{67DA6AB6-F800-4c08-8B7A-83BB121AAD01}</UniqueIdentifier>
      <Extensions>rc;ico;cur;bmp;dlg;rc2;rct;bin;rgs;gif;jpg;jpeg;jpe;resx;tiff;tif;png;wav;mfcribbon-ms</Extensions>
    </Filter>
  </ItemGroup>
  <ItemGroup>
    <ClCompile Include="Engine\GameObject.cpp">
      <Filter>Source Files</Filter>
    </ClCompile>
    <ClCompile Include="Engine\Layer.cpp">
      <Filter>Source Files</Filter>
    </ClCompile>
    <ClCompile Include="Engine\Level.cpp">
      <Filter>Source Files</Filter>
    </ClCompile>
    <ClCompile Include="Engine\LevelManager.cpp">
      <Filter>Source Files</Filter>
    </ClCompile>
    <ClCompile Include="Game\Background.cpp">
      <Filter>Source Files</Filter>
    </ClCompile>
    <ClCompile Include="Game\Level1.cpp">
      <Filter>Source Files</Filter>
    </ClCompile>
    <ClCompile Include="Game\Player.cpp">
      <Filter>Source Files</Filter>
    </ClCompile>
    <ClCompile Include="EngineStart.cpp">
      <Filter>Source Files</Filter>
    </ClCompile>
    <ClCompile Include="Engine\MyQueryCallback.cpp">
      <Filter>Source Files</Filter>
    </ClCompile>
    <ClCompile Include="Engine\Texture.cpp">
      <Filter>Source Files</Filter>
    </ClCompile>
    <ClCompile Include="Engine\TextureManager.cpp">
      <Filter>Source Files</Filter>
    </ClCompile>
    <ClCompile Include="Engine\Engine.cpp">
      <Filter>Source Files</Filter>
    </ClCompile>
    <ClCompile Include="Game\Game.cpp">
      <Filter>Source Files</Filter>
    </ClCompile>
    <ClCompile Include="Engine\CollisionListener.cpp">
      <Filter>Source Files</Filter>
    </ClCompile>
    <ClCompile Include="Engine\Animation.cpp">
      <Filter>Source Files</Filter>
    </ClCompile>
    <ClCompile Include="Engine\AnimatedSprite.cpp">
      <Filter>Source Files</Filter>
    </ClCompile>
    <ClCompile Include="Game\MenuScreenLevel.cpp">
      <Filter>Source Files</Filter>
    </ClCompile>
    <ClCompile Include="Game\BigRock.cpp">
      <Filter>Source Files</Filter>
    </ClCompile>
    <ClCompile Include="Game\MediumRock.cpp">
      <Filter>Source Files</Filter>
    </ClCompile>
    <ClCompile Include="Game\SmallRock.cpp">
      <Filter>Source Files</Filter>
    </ClCompile>
    <ClCompile Include="Game\AsteroidRock.cpp">
      <Filter>Source Files</Filter>
    </ClCompile>
    <ClCompile Include="Game\Bullet.cpp">
      <Filter>Source Files</Filter>
    </ClCompile>
    <ClCompile Include="Game\GameLevel.cpp">
      <Filter>Source Files</Filter>
    </ClCompile>
    <ClCompile Include="Frameworks\Box2D\Collision\Shapes\b2ChainShape.cpp">
      <Filter>Source Files</Filter>
    </ClCompile>
    <ClCompile Include="Frameworks\Box2D\Collision\Shapes\b2CircleShape.cpp">
      <Filter>Source Files</Filter>
    </ClCompile>
    <ClCompile Include="Frameworks\Box2D\Collision\Shapes\b2EdgeShape.cpp">
      <Filter>Source Files</Filter>
    </ClCompile>
    <ClCompile Include="Frameworks\Box2D\Collision\Shapes\b2PolygonShape.cpp">
      <Filter>Source Files</Filter>
    </ClCompile>
    <ClCompile Include="Frameworks\Box2D\Collision\b2BroadPhase.cpp">
      <Filter>Source Files</Filter>
    </ClCompile>
    <ClCompile Include="Frameworks\Box2D\Collision\b2CollideCircle.cpp">
      <Filter>Source Files</Filter>
    </ClCompile>
    <ClCompile Include="Frameworks\Box2D\Collision\b2CollideEdge.cpp">
      <Filter>Source Files</Filter>
    </ClCompile>
    <ClCompile Include="Frameworks\Box2D\Collision\b2CollidePolygon.cpp">
      <Filter>Source Files</Filter>
    </ClCompile>
    <ClCompile Include="Frameworks\Box2D\Collision\b2Collision.cpp">
      <Filter>Source Files</Filter>
    </ClCompile>
    <ClCompile Include="Frameworks\Box2D\Collision\b2Distance.cpp">
      <Filter>Source Files</Filter>
    </ClCompile>
    <ClCompile Include="Frameworks\Box2D\Collision\b2DynamicTree.cpp">
      <Filter>Source Files</Filter>
    </ClCompile>
    <ClCompile Include="Frameworks\Box2D\Collision\b2TimeOfImpact.cpp">
      <Filter>Source Files</Filter>
    </ClCompile>
    <ClCompile Include="Frameworks\Box2D\Common\b2BlockAllocator.cpp">
      <Filter>Source Files</Filter>
    </ClCompile>
    <ClCompile Include="Frameworks\Box2D\Common\b2Draw.cpp">
      <Filter>Source Files</Filter>
    </ClCompile>
    <ClCompile Include="Frameworks\Box2D\Common\b2Math.cpp">
      <Filter>Source Files</Filter>
    </ClCompile>
    <ClCompile Include="Frameworks\Box2D\Common\b2Settings.cpp">
      <Filter>Source Files</Filter>
    </ClCompile>
    <ClCompile Include="Frameworks\Box2D\Common\b2StackAllocator.cpp">
      <Filter>Source Files</Filter>
    </ClCompile>
    <ClCompile Include="Frameworks\Box2D\Common\b2Timer.cpp">
      <Filter>Source Files</Filter>
    </ClCompile>
    <ClCompile Include="Frameworks\Box2D\Dynamics\Contacts\b2ChainAndCircleContact.cpp">
      <Filter>Source Files</Filter>
    </ClCompile>
    <ClCompile Include="Frameworks\Box2D\Dynamics\Contacts\b2ChainAndPolygonContact.cpp">
      <Filter>Source Files</Filter>
    </ClCompile>
    <ClCompile Include="Frameworks\Box2D\Dynamics\Contacts\b2CircleContact.cpp">
      <Filter>Source Files</Filter>
    </ClCompile>
    <ClCompile Include="Frameworks\Box2D\Dynamics\Contacts\b2Contact.cpp">
      <Filter>Source Files</Filter>
    </ClCompile>
    <ClCompile Include="Frameworks\Box2D\Dynamics\Contacts\b2ContactSolver.cpp">
      <Filter>Source Files</Filter>
    </ClCompile>
    <ClCompile Include="Frameworks\Box2D\Dynamics\Contacts\b2EdgeAndCircleContact.cpp">
      <Filter>Source Files</Filter>
    </ClCompile>
    <ClCompile Include="Frameworks\Box2D\Dynamics\Contacts\b2EdgeAndPolygonContact.cpp">
      <Filter>Source Files</Filter>
    </ClCompile>
    <ClCompile Include="Frameworks\Box2D\Dynamics\Contacts\b2PolygonAndCircleContact.cpp">
      <Filter>Source Files</Filter>
    </ClCompile>
    <ClCompile Include="Frameworks\Box2D\Dynamics\Contacts\b2PolygonContact.cpp">
      <Filter>Source Files</Filter>
    </ClCompile>
    <ClCompile Include="Frameworks\Box2D\Dynamics\Joints\b2DistanceJoint.cpp">
      <Filter>Source Files</Filter>
    </ClCompile>
    <ClCompile Include="Frameworks\Box2D\Dynamics\Joints\b2FrictionJoint.cpp">
      <Filter>Source Files</Filter>
    </ClCompile>
    <ClCompile Include="Frameworks\Box2D\Dynamics\Joints\b2GearJoint.cpp">
      <Filter>Source Files</Filter>
    </ClCompile>
    <ClCompile Include="Frameworks\Box2D\Dynamics\Joints\b2Joint.cpp">
      <Filter>Source Files</Filter>
    </ClCompile>
    <ClCompile Include="Frameworks\Box2D\Dynamics\Joints\b2MotorJoint.cpp">
      <Filter>Source Files</Filter>
    </ClCompile>
    <ClCompile Include="Frameworks\Box2D\Dynamics\Joints\b2MouseJoint.cpp">
      <Filter>Source Files</Filter>
    </ClCompile>
    <ClCompile Include="Frameworks\Box2D\Dynamics\Joints\b2PrismaticJoint.cpp">
      <Filter>Source Files</Filter>
    </ClCompile>
    <ClCompile Include="Frameworks\Box2D\Dynamics\Joints\b2PulleyJoint.cpp">
      <Filter>Source Files</Filter>
    </ClCompile>
    <ClCompile Include="Frameworks\Box2D\Dynamics\Joints\b2RevoluteJoint.cpp">
      <Filter>Source Files</Filter>
    </ClCompile>
    <ClCompile Include="Frameworks\Box2D\Dynamics\Joints\b2RopeJoint.cpp">
      <Filter>Source Files</Filter>
    </ClCompile>
    <ClCompile Include="Frameworks\Box2D\Dynamics\Joints\b2WeldJoint.cpp">
      <Filter>Source Files</Filter>
    </ClCompile>
    <ClCompile Include="Frameworks\Box2D\Dynamics\Joints\b2WheelJoint.cpp">
      <Filter>Source Files</Filter>
    </ClCompile>
    <ClCompile Include="Frameworks\Box2D\Dynamics\b2Body.cpp">
      <Filter>Source Files</Filter>
    </ClCompile>
    <ClCompile Include="Frameworks\Box2D\Dynamics\b2ContactManager.cpp">
      <Filter>Source Files</Filter>
    </ClCompile>
    <ClCompile Include="Frameworks\Box2D\Dynamics\b2Fixture.cpp">
      <Filter>Source Files</Filter>
    </ClCompile>
    <ClCompile Include="Frameworks\Box2D\Dynamics\b2Island.cpp">
      <Filter>Source Files</Filter>
    </ClCompile>
    <ClCompile Include="Frameworks\Box2D\Dynamics\b2World.cpp">
      <Filter>Source Files</Filter>
    </ClCompile>
    <ClCompile Include="Frameworks\Box2D\Dynamics\b2WorldCallbacks.cpp">
      <Filter>Source Files</Filter>
    </ClCompile>
    <ClCompile Include="Frameworks\Box2D\Rope\b2Rope.cpp">
      <Filter>Source Files</Filter>
    </ClCompile>
  </ItemGroup>
  <ItemGroup>
    <ClInclude Include="Engine\GameObject.h">
      <Filter>Header Files</Filter>
    </ClInclude>
    <ClInclude Include="Engine\Layer.h">
      <Filter>Header Files</Filter>
    </ClInclude>
    <ClInclude Include="Engine\Level.h">
      <Filter>Header Files</Filter>
    </ClInclude>
    <ClInclude Include="Engine\LevelManager.h">
      <Filter>Header Files</Filter>
    </ClInclude>
    <ClInclude Include="Game\Background.h">
      <Filter>Header Files</Filter>
    </ClInclude>
    <ClInclude Include="Game\Level1.h">
      <Filter>Header Files</Filter>
    </ClInclude>
    <ClInclude Include="Game\Player.h">
      <Filter>Header Files</Filter>
    </ClInclude>
    <ClInclude Include="Engine\BasicMath.h">
      <Filter>Header Files</Filter>
    </ClInclude>
    <ClInclude Include="Engine\MyQueryCallback.h">
      <Filter>Header Files</Filter>
    </ClInclude>
    <ClInclude Include="Engine\Texture.h">
      <Filter>Header Files</Filter>
    </ClInclude>
    <ClInclude Include="Engine\TextureManager.h">
      <Filter>Header Files</Filter>
    </ClInclude>
    <ClInclude Include="Engine\Engine.h">
      <Filter>Header Files</Filter>
    </ClInclude>
    <ClInclude Include="Game\Game.h">
      <Filter>Header Files</Filter>
    </ClInclude>
    <ClInclude Include="Engine\CollisionListener.h">
      <Filter>Header Files</Filter>
    </ClInclude>
    <ClInclude Include="Engine\Animation.h">
      <Filter>Header Files</Filter>
    </ClInclude>
    <ClInclude Include="Engine\AnimatedSprite.hpp">
      <Filter>Header Files</Filter>
    </ClInclude>
    <ClInclude Include="Game\MenuScreenLevel.h">
      <Filter>Header Files</Filter>
    </ClInclude>
    <ClInclude Include="Game\BigRock.h">
      <Filter>Header Files</Filter>
    </ClInclude>
    <ClInclude Include="Game\MediumRock.h">
      <Filter>Header Files</Filter>
    </ClInclude>
    <ClInclude Include="Game\SmallRock.h">
      <Filter>Header Files</Filter>
    </ClInclude>
    <ClInclude Include="Game\AsteroidRock.h">
      <Filter>Header Files</Filter>
    </ClInclude>
    <ClInclude Include="Game\Bullet.h">
      <Filter>Header Files</Filter>
    </ClInclude>
    <ClInclude Include="Game\GameLevel.h">
      <Filter>Header Files</Filter>
    </ClInclude>
    <ClInclude Include="frameworks\box2d\collision\shapes\b2chainshape.h">
      <Filter>Header Files</Filter>
    </ClInclude>
    <ClInclude Include="frameworks\box2d\collision\shapes\b2circleshape.h">
      <Filter>Header Files</Filter>
    </ClInclude>
    <ClInclude Include="frameworks\box2d\collision\shapes\b2edgeshape.h">
      <Filter>Header Files</Filter>
    </ClInclude>
    <ClInclude Include="frameworks\box2d\collision\shapes\b2polygonshape.h">
      <Filter>Header Files</Filter>
    </ClInclude>
    <ClInclude Include="frameworks\box2d\collision\shapes\b2shape.h">
      <Filter>Header Files</Filter>
    </ClInclude>
    <ClInclude Include="frameworks\box2d\collision\b2broadphase.h">
      <Filter>Header Files</Filter>
    </ClInclude>
    <ClInclude Include="frameworks\box2d\collision\b2collision.h">
      <Filter>Header Files</Filter>
    </ClInclude>
    <ClInclude Include="frameworks\box2d\collision\b2distance.h">
      <Filter>Header Files</Filter>
    </ClInclude>
    <ClInclude Include="frameworks\box2d\collision\b2dynamictree.h">
      <Filter>Header Files</Filter>
    </ClInclude>
    <ClInclude Include="frameworks\box2d\collision\b2timeofimpact.h">
      <Filter>Header Files</Filter>
    </ClInclude>
    <ClInclude Include="frameworks\box2d\common\b2blockallocator.h">
      <Filter>Header Files</Filter>
    </ClInclude>
    <ClInclude Include="frameworks\box2d\common\b2draw.h">
      <Filter>Header Files</Filter>
    </ClInclude>
    <ClInclude Include="frameworks\box2d\common\b2growablestack.h">
      <Filter>Header Files</Filter>
    </ClInclude>
    <ClInclude Include="frameworks\box2d\common\b2math.h">
      <Filter>Header Files</Filter>
    </ClInclude>
    <ClInclude Include="frameworks\box2d\common\b2settings.h">
      <Filter>Header Files</Filter>
    </ClInclude>
    <ClInclude Include="frameworks\box2d\common\b2stackallocator.h">
      <Filter>Header Files</Filter>
    </ClInclude>
    <ClInclude Include="frameworks\box2d\common\b2timer.h">
      <Filter>Header Files</Filter>
    </ClInclude>
    <ClInclude Include="Frameworks\Box2D\Dynamics\Contacts\b2ChainAndCircleContact.h">
      <Filter>Header Files</Filter>
    </ClInclude>
    <ClInclude Include="Frameworks\Box2D\Dynamics\Contacts\b2ChainAndPolygonContact.h">
      <Filter>Header Files</Filter>
    </ClInclude>
    <ClInclude Include="Frameworks\Box2D\Dynamics\Contacts\b2CircleContact.h">
      <Filter>Header Files</Filter>
    </ClInclude>
    <ClInclude Include="frameworks\box2d\dynamics\contacts\b2contact.h">
      <Filter>Header Files</Filter>
    </ClInclude>
    <ClInclude Include="Frameworks\Box2D\Dynamics\Contacts\b2ContactSolver.h">
      <Filter>Header Files</Filter>
    </ClInclude>
    <ClInclude Include="Frameworks\Box2D\Dynamics\Contacts\b2EdgeAndCircleContact.h">
      <Filter>Header Files</Filter>
    </ClInclude>
    <ClInclude Include="Frameworks\Box2D\Dynamics\Contacts\b2EdgeAndPolygonContact.h">
      <Filter>Header Files</Filter>
    </ClInclude>
    <ClInclude Include="Frameworks\Box2D\Dynamics\Contacts\b2PolygonAndCircleContact.h">
      <Filter>Header Files</Filter>
    </ClInclude>
    <ClInclude Include="Frameworks\Box2D\Dynamics\Contacts\b2PolygonContact.h">
      <Filter>Header Files</Filter>
    </ClInclude>
    <ClInclude Include="frameworks\box2d\dynamics\joints\b2distancejoint.h">
      <Filter>Header Files</Filter>
    </ClInclude>
    <ClInclude Include="frameworks\box2d\dynamics\joints\b2frictionjoint.h">
      <Filter>Header Files</Filter>
    </ClInclude>
    <ClInclude Include="frameworks\box2d\dynamics\joints\b2gearjoint.h">
      <Filter>Header Files</Filter>
    </ClInclude>
    <ClInclude Include="frameworks\box2d\dynamics\joints\b2joint.h">
      <Filter>Header Files</Filter>
    </ClInclude>
    <ClInclude Include="frameworks\box2d\dynamics\joints\b2motorjoint.h">
      <Filter>Header Files</Filter>
    </ClInclude>
    <ClInclude Include="frameworks\box2d\dynamics\joints\b2mousejoint.h">
      <Filter>Header Files</Filter>
    </ClInclude>
    <ClInclude Include="frameworks\box2d\dynamics\joints\b2prismaticjoint.h">
      <Filter>Header Files</Filter>
    </ClInclude>
    <ClInclude Include="frameworks\box2d\dynamics\joints\b2pulleyjoint.h">
      <Filter>Header Files</Filter>
    </ClInclude>
    <ClInclude Include="frameworks\box2d\dynamics\joints\b2revolutejoint.h">
      <Filter>Header Files</Filter>
    </ClInclude>
    <ClInclude Include="frameworks\box2d\dynamics\joints\b2ropejoint.h">
      <Filter>Header Files</Filter>
    </ClInclude>
    <ClInclude Include="frameworks\box2d\dynamics\joints\b2weldjoint.h">
      <Filter>Header Files</Filter>
    </ClInclude>
    <ClInclude Include="frameworks\box2d\dynamics\joints\b2wheeljoint.h">
      <Filter>Header Files</Filter>
    </ClInclude>
    <ClInclude Include="frameworks\box2d\dynamics\b2body.h">
      <Filter>Header Files</Filter>
    </ClInclude>
    <ClInclude Include="frameworks\box2d\dynamics\b2contactmanager.h">
      <Filter>Header Files</Filter>
    </ClInclude>
    <ClInclude Include="frameworks\box2d\dynamics\b2fixture.h">
      <Filter>Header Files</Filter>
    </ClInclude>
    <ClInclude Include="Frameworks\Box2D\Dynamics\b2Island.h">
      <Filter>Header Files</Filter>
    </ClInclude>
    <ClInclude Include="frameworks\box2d\dynamics\b2timestep.h">
      <Filter>Header Files</Filter>
    </ClInclude>
    <ClInclude Include="frameworks\box2d\dynamics\b2world.h">
      <Filter>Header Files</Filter>
    </ClInclude>
    <ClInclude Include="frameworks\box2d\dynamics\b2worldcallbacks.h">
      <Filter>Header Files</Filter>
    </ClInclude>
    <ClInclude Include="Frameworks\Box2D\Rope\b2Rope.h">
      <Filter>Header Files</Filter>
    </ClInclude>
    <ClInclude Include="frameworks\box2d\box2d.h">
      <Filter>Header Files</Filter>
    </ClInclude>
    <ClInclude Include="Frameworks\SFML\include\SFML\Audio\Export.hpp">
      <Filter>Header Files</Filter>
    </ClInclude>
    <ClInclude Include="Frameworks\SFML\include\SFML\Audio\Listener.hpp">
      <Filter>Header Files</Filter>
    </ClInclude>
    <ClInclude Include="Frameworks\SFML\include\SFML\Audio\Music.hpp">
      <Filter>Header Files</Filter>
    </ClInclude>
    <ClInclude Include="Frameworks\SFML\include\SFML\Audio\Sound.hpp">
      <Filter>Header Files</Filter>
    </ClInclude>
    <ClInclude Include="Frameworks\SFML\include\SFML\Audio\SoundBuffer.hpp">
      <Filter>Header Files</Filter>
    </ClInclude>
    <ClInclude Include="Frameworks\SFML\include\SFML\Audio\SoundBufferRecorder.hpp">
      <Filter>Header Files</Filter>
    </ClInclude>
    <ClInclude Include="Frameworks\SFML\include\SFML\Audio\SoundRecorder.hpp">
      <Filter>Header Files</Filter>
    </ClInclude>
    <ClInclude Include="Frameworks\SFML\include\SFML\Audio\SoundSource.hpp">
      <Filter>Header Files</Filter>
    </ClInclude>
    <ClInclude Include="Frameworks\SFML\include\SFML\Audio\SoundStream.hpp">
      <Filter>Header Files</Filter>
    </ClInclude>
    <ClInclude Include="frameworks\sfml\include\sfml\graphics\blendmode.hpp">
      <Filter>Header Files</Filter>
    </ClInclude>
    <ClInclude Include="frameworks\sfml\include\sfml\graphics\circleshape.hpp">
      <Filter>Header Files</Filter>
    </ClInclude>
    <ClInclude Include="frameworks\sfml\include\sfml\graphics\color.hpp">
      <Filter>Header Files</Filter>
    </ClInclude>
    <ClInclude Include="frameworks\sfml\include\sfml\graphics\convexshape.hpp">
      <Filter>Header Files</Filter>
    </ClInclude>
    <ClInclude Include="frameworks\sfml\include\sfml\graphics\drawable.hpp">
      <Filter>Header Files</Filter>
    </ClInclude>
    <ClInclude Include="frameworks\sfml\include\sfml\graphics\export.hpp">
      <Filter>Header Files</Filter>
    </ClInclude>
    <ClInclude Include="frameworks\sfml\include\sfml\graphics\font.hpp">
      <Filter>Header Files</Filter>
    </ClInclude>
    <ClInclude Include="frameworks\sfml\include\sfml\graphics\glyph.hpp">
      <Filter>Header Files</Filter>
    </ClInclude>
    <ClInclude Include="frameworks\sfml\include\sfml\graphics\image.hpp">
      <Filter>Header Files</Filter>
    </ClInclude>
    <ClInclude Include="frameworks\sfml\include\sfml\graphics\primitivetype.hpp">
      <Filter>Header Files</Filter>
    </ClInclude>
    <ClInclude Include="frameworks\sfml\include\sfml\graphics\rect.hpp">
      <Filter>Header Files</Filter>
    </ClInclude>
    <ClInclude Include="frameworks\sfml\include\sfml\graphics\rectangleshape.hpp">
      <Filter>Header Files</Filter>
    </ClInclude>
    <ClInclude Include="frameworks\sfml\include\sfml\graphics\renderstates.hpp">
      <Filter>Header Files</Filter>
    </ClInclude>
    <ClInclude Include="frameworks\sfml\include\sfml\graphics\rendertarget.hpp">
      <Filter>Header Files</Filter>
    </ClInclude>
    <ClInclude Include="frameworks\sfml\include\sfml\graphics\rendertexture.hpp">
      <Filter>Header Files</Filter>
    </ClInclude>
    <ClInclude Include="frameworks\sfml\include\sfml\graphics\renderwindow.hpp">
      <Filter>Header Files</Filter>
    </ClInclude>
    <ClInclude Include="frameworks\sfml\include\sfml\graphics\shader.hpp">
      <Filter>Header Files</Filter>
    </ClInclude>
    <ClInclude Include="frameworks\sfml\include\sfml\graphics\shape.hpp">
      <Filter>Header Files</Filter>
    </ClInclude>
    <ClInclude Include="frameworks\sfml\include\sfml\graphics\sprite.hpp">
      <Filter>Header Files</Filter>
    </ClInclude>
    <ClInclude Include="frameworks\sfml\include\sfml\graphics\text.hpp">
      <Filter>Header Files</Filter>
    </ClInclude>
    <ClInclude Include="frameworks\sfml\include\sfml\graphics\texture.hpp">
      <Filter>Header Files</Filter>
    </ClInclude>
    <ClInclude Include="frameworks\sfml\include\sfml\graphics\transform.hpp">
      <Filter>Header Files</Filter>
    </ClInclude>
    <ClInclude Include="frameworks\sfml\include\sfml\graphics\transformable.hpp">
      <Filter>Header Files</Filter>
    </ClInclude>
    <ClInclude Include="frameworks\sfml\include\sfml\graphics\vertex.hpp">
      <Filter>Header Files</Filter>
    </ClInclude>
    <ClInclude Include="frameworks\sfml\include\sfml\graphics\vertexarray.hpp">
      <Filter>Header Files</Filter>
    </ClInclude>
    <ClInclude Include="frameworks\sfml\include\sfml\graphics\view.hpp">
      <Filter>Header Files</Filter>
    </ClInclude>
    <ClInclude Include="Frameworks\SFML\include\SFML\Network\Export.hpp">
      <Filter>Header Files</Filter>
    </ClInclude>
    <ClInclude Include="Frameworks\SFML\include\SFML\Network\Ftp.hpp">
      <Filter>Header Files</Filter>
    </ClInclude>
    <ClInclude Include="Frameworks\SFML\include\SFML\Network\Http.hpp">
      <Filter>Header Files</Filter>
    </ClInclude>
    <ClInclude Include="Frameworks\SFML\include\SFML\Network\IpAddress.hpp">
      <Filter>Header Files</Filter>
    </ClInclude>
    <ClInclude Include="Frameworks\SFML\include\SFML\Network\Packet.hpp">
      <Filter>Header Files</Filter>
    </ClInclude>
    <ClInclude Include="Frameworks\SFML\include\SFML\Network\Socket.hpp">
      <Filter>Header Files</Filter>
    </ClInclude>
    <ClInclude Include="Frameworks\SFML\include\SFML\Network\SocketHandle.hpp">
      <Filter>Header Files</Filter>
    </ClInclude>
    <ClInclude Include="Frameworks\SFML\include\SFML\Network\SocketSelector.hpp">
      <Filter>Header Files</Filter>
    </ClInclude>
    <ClInclude Include="Frameworks\SFML\include\SFML\Network\TcpListener.hpp">
      <Filter>Header Files</Filter>
    </ClInclude>
    <ClInclude Include="Frameworks\SFML\include\SFML\Network\TcpSocket.hpp">
      <Filter>Header Files</Filter>
    </ClInclude>
    <ClInclude Include="Frameworks\SFML\include\SFML\Network\UdpSocket.hpp">
      <Filter>Header Files</Filter>
    </ClInclude>
    <ClInclude Include="frameworks\sfml\include\sfml\system\clock.hpp">
      <Filter>Header Files</Filter>
    </ClInclude>
    <ClInclude Include="frameworks\sfml\include\sfml\system\err.hpp">
      <Filter>Header Files</Filter>
    </ClInclude>
    <ClInclude Include="frameworks\sfml\include\sfml\system\export.hpp">
      <Filter>Header Files</Filter>
    </ClInclude>
    <ClInclude Include="frameworks\sfml\include\sfml\system\inputstream.hpp">
      <Filter>Header Files</Filter>
    </ClInclude>
    <ClInclude Include="frameworks\sfml\include\sfml\system\lock.hpp">
      <Filter>Header Files</Filter>
    </ClInclude>
    <ClInclude Include="frameworks\sfml\include\sfml\system\mutex.hpp">
      <Filter>Header Files</Filter>
    </ClInclude>
    <ClInclude Include="frameworks\sfml\include\sfml\system\noncopyable.hpp">
      <Filter>Header Files</Filter>
    </ClInclude>
    <ClInclude Include="frameworks\sfml\include\sfml\system\sleep.hpp">
      <Filter>Header Files</Filter>
    </ClInclude>
    <ClInclude Include="frameworks\sfml\include\sfml\system\string.hpp">
      <Filter>Header Files</Filter>
    </ClInclude>
    <ClInclude Include="frameworks\sfml\include\sfml\system\thread.hpp">
      <Filter>Header Files</Filter>
    </ClInclude>
    <ClInclude Include="frameworks\sfml\include\sfml\system\threadlocal.hpp">
      <Filter>Header Files</Filter>
    </ClInclude>
    <ClInclude Include="frameworks\sfml\include\sfml\system\threadlocalptr.hpp">
      <Filter>Header Files</Filter>
    </ClInclude>
    <ClInclude Include="frameworks\sfml\include\sfml\system\time.hpp">
      <Filter>Header Files</Filter>
    </ClInclude>
    <ClInclude Include="frameworks\sfml\include\sfml\system\utf.hpp">
      <Filter>Header Files</Filter>
    </ClInclude>
    <ClInclude Include="frameworks\sfml\include\sfml\system\vector2.hpp">
      <Filter>Header Files</Filter>
    </ClInclude>
    <ClInclude Include="frameworks\sfml\include\sfml\system\vector3.hpp">
      <Filter>Header Files</Filter>
    </ClInclude>
    <ClInclude Include="frameworks\sfml\include\sfml\window\context.hpp">
      <Filter>Header Files</Filter>
    </ClInclude>
    <ClInclude Include="frameworks\sfml\include\sfml\window\contextsettings.hpp">
      <Filter>Header Files</Filter>
    </ClInclude>
    <ClInclude Include="frameworks\sfml\include\sfml\window\event.hpp">
      <Filter>Header Files</Filter>
    </ClInclude>
    <ClInclude Include="frameworks\sfml\include\sfml\window\export.hpp">
      <Filter>Header Files</Filter>
    </ClInclude>
    <ClInclude Include="frameworks\sfml\include\sfml\window\glresource.hpp">
      <Filter>Header Files</Filter>
    </ClInclude>
    <ClInclude Include="frameworks\sfml\include\sfml\window\joystick.hpp">
      <Filter>Header Files</Filter>
    </ClInclude>
    <ClInclude Include="frameworks\sfml\include\sfml\window\keyboard.hpp">
      <Filter>Header Files</Filter>
    </ClInclude>
    <ClInclude Include="frameworks\sfml\include\sfml\window\mouse.hpp">
      <Filter>Header Files</Filter>
    </ClInclude>
    <ClInclude Include="frameworks\sfml\include\sfml\window\videomode.hpp">
      <Filter>Header Files</Filter>
    </ClInclude>
    <ClInclude Include="frameworks\sfml\include\sfml\window\window.hpp">
      <Filter>Header Files</Filter>
    </ClInclude>
    <ClInclude Include="frameworks\sfml\include\sfml\window\windowhandle.hpp">
      <Filter>Header Files</Filter>
    </ClInclude>
    <ClInclude Include="frameworks\sfml\include\sfml\window\windowstyle.hpp">
      <Filter>Header Files</Filter>
    </ClInclude>
    <ClInclude Include="Frameworks\SFML\include\SFML\Audio.hpp">
      <Filter>Header Files</Filter>
    </ClInclude>
    <ClInclude Include="frameworks\sfml\include\sfml\config.hpp">
      <Filter>Header Files</Filter>
    </ClInclude>
    <ClInclude Include="frameworks\sfml\include\sfml\graphics.hpp">
      <Filter>Header Files</Filter>
    </ClInclude>
    <ClInclude Include="Frameworks\SFML\include\SFML\Network.hpp">
      <Filter>Header Files</Filter>
    </ClInclude>
    <ClInclude Include="Frameworks\SFML\include\SFML\OpenGL.hpp">
      <Filter>Header Files</Filter>
    </ClInclude>
    <ClInclude Include="frameworks\sfml\include\sfml\system.hpp">
      <Filter>Header Files</Filter>
    </ClInclude>
    <ClInclude Include="frameworks\sfml\include\sfml\window.hpp">
      <Filter>Header Files</Filter>
    </ClInclude>
  </ItemGroup>
  <ItemGroup>
    <None Include="Assets\ScreenBackground.png">
      <Filter>Resource Files</Filter>
    </None>
    <None Include="Assets\spaceShip.png">
      <Filter>Resource Files</Filter>
    </None>
    <None Include="Assets\BG_Plain.png">
      <Filter>Resource Files</Filter>
    </None>
    <None Include="Assets\spaceShip_small.png">
      <Filter>Resource Files</Filter>
    </None>
    <None Include="Assets\BG_Rocks.png">
      <Filter>Resource Files</Filter>
    </None>
    <None Include="Assets\BigRock1.png">
      <Filter>Resource Files</Filter>
    </None>
    <None Include="Assets\BigRock2.png">
      <Filter>Resource Files</Filter>
    </None>
    <None Include="Assets\BigRock3.png">
      <Filter>Resource Files</Filter>
    </None>
    <None Include="Assets\bullet.png">
      <Filter>Resource Files</Filter>
    </None>
    <None Include="Assets\bullet1.png">
      <Filter>Resource Files</Filter>
    </None>
    <None Include="Assets\EnterToStart.png">
      <Filter>Resource Files</Filter>
    </None>
    <None Include="Assets\gameOver.png">
      <Filter>Resource Files</Filter>
    </None>
    <None Include="Assets\MediumRock1_A.png">
      <Filter>Resource Files</Filter>
    </None>
    <None Include="Assets\MediumRock1_B.png">
      <Filter>Resource Files</Filter>
    </None>
    <None Include="Assets\MediumRock2_A.png">
      <Filter>Resource Files</Filter>
    </None>
    <None Include="Assets\MediumRock2_B.png">
      <Filter>Resource Files</Filter>
    </None>
    <None Include="Assets\MediumRock3_A.png">
      <Filter>Resource Files</Filter>
    </None>
    <None Include="Assets\MediumRock3_B.png">
      <Filter>Resource Files</Filter>
    </None>
    <None Include="Assets\nextLevel.png">
      <Filter>Resource Files</Filter>
    </None>
    <None Include="Assets\SmallRock1_A1.png">
      <Filter>Resource Files</Filter>
    </None>
    <None Include="Assets\SmallRock1_A2.png">
      <Filter>Resource Files</Filter>
    </None>
    <None Include="Assets\SmallRock1_A3.png">
      <Filter>Resource Files</Filter>
    </None>
    <None Include="Assets\SmallRock1_B1.png">
      <Filter>Resource Files</Filter>
    </None>
    <None Include="Assets\SmallRock1_B2.png">
      <Filter>Resource Files</Filter>
    </None>
    <None Include="Assets\SmallRock1_B3.png">
      <Filter>Resource Files</Filter>
    </None>
    <None Include="Assets\SmallRock2_A1.png">
      <Filter>Resource Files</Filter>
    </None>
    <None Include="Assets\SmallRock2_A2.png">
      <Filter>Resource Files</Filter>
    </None>
    <None Include="Assets\SmallRock2_A3.png">
      <Filter>Resource Files</Filter>
    </None>
    <None Include="Assets\SmallRock2_B1.png">
      <Filter>Resource Files</Filter>
    </None>
    <None Include="Assets\SmallRock2_B2.png">
      <Filter>Resource Files</Filter>
    </None>
    <None Include="Assets\SmallRock2_B3.png">
      <Filter>Resource Files</Filter>
    </None>
    <None Include="Assets\SmallRock3_A1.png">
      <Filter>Resource Files</Filter>
    </None>
    <None Include="Assets\SmallRock3_A2.png">
      <Filter>Resource Files</Filter>
    </None>
    <None Include="Assets\SmallRock3_A3.png">
      <Filter>Resource Files</Filter>
    </None>
    <None Include="Assets\SmallRock3_B1.png">
      <Filter>Resource Files</Filter>
    </None>
    <None Include="Assets\SmallRock3_B2.png">
      <Filter>Resource Files</Filter>
    </None>
    <None Include="Assets\SmallRock3_B3.png">
      <Filter>Resource Files</Filter>
    </None>
    <None Include="frameworks\sfml\include\sfml\graphics\rect.inl">
      <Filter>Header Files</Filter>
    </None>
    <None Include="frameworks\sfml\include\sfml\system\thread.inl">
      <Filter>Header Files</Filter>
    </None>
    <None Include="frameworks\sfml\include\sfml\system\threadlocalptr.inl">
      <Filter>Header Files</Filter>
    </None>
    <None Include="frameworks\sfml\include\sfml\system\utf.inl">
      <Filter>Header Files</Filter>
    </None>
    <None Include="frameworks\sfml\include\sfml\system\vector2.inl">
      <Filter>Header Files</Filter>
    </None>
    <None Include="frameworks\sfml\include\sfml\system\vector3.inl">
      <Filter>Header Files</Filter>
    </None>
  </ItemGroup>
</Project>